
Microsoft Visual Studio Solution File, Format Version 12.00
# Visual Studio 15
Project("{D954291E-2A0B-460D-934E-DC6B0785DB48}") = "EyeGaze", "EyeGaze\EyeGaze.shproj", "{232EDB55-AD79-4022-8AFF-DB3CAECE2ECB}"
EndProject
Global
	GlobalSection(SolutionConfigurationPlatforms) = preSolution
	EndGlobalSection
	GlobalSection(ProjectConfigurationPlatforms) = postSolution
	EndGlobalSection
EndGlobal
